
Microsoft Visual Studio Solution File, Format Version 12.00
# Visual Studio Version 17
VisualStudioVersion = 17.2.32630.192
MinimumVisualStudioVersion = 10.0.40219.1
Project("{FAE04EC0-301F-11D3-BF4B-00C04F79EFBC}") = "App1", "App1\App1.csproj", "{296C9789-1141-43BF-AAB0-C821383175D6}"
EndProject
Global
	GlobalSection(SolutionConfigurationPlatforms) = preSolution
		Debug|Any CPU = Debug|Any CPU
		Release|Any CPU = Release|Any CPU
	EndGlobalSection
	GlobalSection(ProjectConfigurationPlatforms) = postSolution
		{296C9789-1141-43BF-AAB0-C821383175D6}.Debug|Any CPU.ActiveCfg = Debug|Any CPU
		{296C9789-1141-43BF-AAB0-C821383175D6}.Debug|Any CPU.Build.0 = Debug|Any CPU
		{296C9789-1141-43BF-AAB0-C821383175D6}.Debug|Any CPU.Deploy.0 = Debug|Any CPU
		{296C9789-1141-43BF-AAB0-C821383175D6}.Release|Any CPU.ActiveCfg = Release|Any CPU
		{296C9789-1141-43BF-AAB0-C821383175D6}.Release|Any CPU.Build.0 = Release|Any CPU
		{296C9789-1141-43BF-AAB0-C821383175D6}.Release|Any CPU.Deploy.0 = Release|Any CPU
	EndGlobalSection
	GlobalSection(SolutionProperties) = preSolution
		HideSolutionNode = FALSE
	EndGlobalSection
	GlobalSection(ExtensibilityGlobals) = postSolution
		SolutionGuid = {74B617D2-06F9-417F-800B-7FE30F7BA06E}
	EndGlobalSection
EndGlobal
