Microsoft Visual Studio Solution File, Format Version 12.00
# Visual Studio Version 16
VisualStudioVersion = 16.0.29209.152
MinimumVisualStudioVersion = 10.0.40219.1
Project("{FAE04EC0-301F-11D3-BF4B-00C04F79EFBC}") = "FirebaseManifestMerging", "FirebaseManifestMerging\FirebaseManifestMerging.csproj", "{FF73A476-28EE-462C-866C-3C1C8EE07F53}"
EndProject
Global
	GlobalSection(SolutionConfigurationPlatforms) = preSolution
		Debug|Any CPU = Debug|Any CPU
		Release|Any CPU = Release|Any CPU
	EndGlobalSection
	GlobalSection(ProjectConfigurationPlatforms) = postSolution
		{FF73A476-28EE-462C-866C-3C1C8EE07F53}.Debug|Any CPU.ActiveCfg = Debug|Any CPU
		{FF73A476-28EE-462C-866C-3C1C8EE07F53}.Debug|Any CPU.Build.0 = Debug|Any CPU
		{FF73A476-28EE-462C-866C-3C1C8EE07F53}.Debug|Any CPU.Deploy.0 = Debug|Any CPU
		{FF73A476-28EE-462C-866C-3C1C8EE07F53}.Release|Any CPU.ActiveCfg = Debug|Any CPU
		{FF73A476-28EE-462C-866C-3C1C8EE07F53}.Release|Any CPU.Build.0 = Debug|Any CPU
		{FF73A476-28EE-462C-866C-3C1C8EE07F53}.Release|Any CPU.Deploy.0 = Debug|Any CPU
	EndGlobalSection
	GlobalSection(SolutionProperties) = preSolution
		HideSolutionNode = FALSE
	EndGlobalSection
	GlobalSection(ExtensibilityGlobals) = postSolution
		SolutionGuid = {D41A2982-C3ED-489D-80DC-CA7627376D6D}
	EndGlobalSection
EndGlobal
